hash: bfd76496aa662ba52db90355d653cae4968e5d39f449fbc610573a91591b842c
updated: 2018-05-16T20:39:22.456793869+02:00
imports:
- name: github.com/coreos/go-log
  version: b22fd89e1882702b3ba97bc792ca6b45e7e6b635
  subpackages:
  - log
- name: github.com/coreos/go-systemd
  version: 39ca1b05acc7ad1220e09f133283b8859a8b71ab
  subpackages:
  - journal
- name: github.com/gorilla/context
  version: 08b5f424b9271eedf6f9f0ce86cb9396ed337a42
- name: github.com/gorilla/mux
  version: e3702bed27f0d39777b0b37b664b6280e8ef8fbf
- name: github.com/gorilla/securecookie
  version: e59506cc896acb7f7bf732d4fdf5e25f7ccd8983
- name: github.com/gorilla/sessions
  version: ca9ada44574153444b00d3fd9c8559e4cc95f896
- name: github.com/kardianos/osext
  version: ae77be60afb1dcacde03767a8c37337fad28ac14
testImports: []
